
Microsoft Visual Studio Solution File, Format Version 12.00
# Visual Studio Version 17
VisualStudioVersion = 17.9.34622.214
MinimumVisualStudioVersion = 10.0.40219.1
Project("{FAE04EC0-301F-11D3-BF4B-00C04F79EFBC}") = "L4-JPMA-1063124", "L4-JPMA-1063124\L4-JPMA-1063124.csproj", "{921EC1B7-5C20-4698-A145-7327502AA80D}"
EndProject
Global
	GlobalSection(SolutionConfigurationPlatforms) = preSolution
		Debug|Any CPU = Debug|Any CPU
		Release|Any CPU = Release|Any CPU
	EndGlobalSection
	GlobalSection(ProjectConfigurationPlatforms) = postSolution
		{921EC1B7-5C20-4698-A145-7327502AA80D}.Debug|Any CPU.ActiveCfg = Debug|Any CPU
		{921EC1B7-5C20-4698-A145-7327502AA80D}.Debug|Any CPU.Build.0 = Debug|Any CPU
		{921EC1B7-5C20-4698-A145-7327502AA80D}.Release|Any CPU.ActiveCfg = Release|Any CPU
		{921EC1B7-5C20-4698-A145-7327502AA80D}.Release|Any CPU.Build.0 = Release|Any CPU
	EndGlobalSection
	GlobalSection(SolutionProperties) = preSolution
		HideSolutionNode = FALSE
	EndGlobalSection
	GlobalSection(ExtensibilityGlobals) = postSolution
		SolutionGuid = {CF4885AC-A39F-4DBC-83D2-F043DD88E152}
	EndGlobalSection
EndGlobal
