
Microsoft Visual Studio Solution File, Format Version 12.00
# Visual Studio Version 17
VisualStudioVersion = 17.5.002.0
MinimumVisualStudioVersion = 10.0.40219.1
Project("{9A19103F-16F7-4668-BE54-9A1E7A4F7556}") = "T2-JPMA-1063124-E1", "T2-JPMA-1063124-E1.csproj", "{6633A237-D950-465C-9FFB-2EDE6B2B2E15}"
EndProject
Global
	GlobalSection(SolutionConfigurationPlatforms) = preSolution
		Debug|Any CPU = Debug|Any CPU
		Release|Any CPU = Release|Any CPU
	EndGlobalSection
	GlobalSection(ProjectConfigurationPlatforms) = postSolution
		{6633A237-D950-465C-9FFB-2EDE6B2B2E15}.Debug|Any CPU.ActiveCfg = Debug|Any CPU
		{6633A237-D950-465C-9FFB-2EDE6B2B2E15}.Debug|Any CPU.Build.0 = Debug|Any CPU
		{6633A237-D950-465C-9FFB-2EDE6B2B2E15}.Release|Any CPU.ActiveCfg = Release|Any CPU
		{6633A237-D950-465C-9FFB-2EDE6B2B2E15}.Release|Any CPU.Build.0 = Release|Any CPU
	EndGlobalSection
	GlobalSection(SolutionProperties) = preSolution
		HideSolutionNode = FALSE
	EndGlobalSection
	GlobalSection(ExtensibilityGlobals) = postSolution
		SolutionGuid = {D8E20940-7449-4524-8EF1-80CBD1DA0AA8}
	EndGlobalSection
EndGlobal
